// !$*UTF8*$!
{
	archiveVersion = 1;
	classes = {
	};
	objectVersion = 77;
	objects = {

/* Begin PBXBuildFile section */
		0EFE207DCA8B045B717D8AEA /* BirdyTileOverlay.swift in Sources */ = {isa = PBXBuildFile; fileRef = 1C71D582857713FB046F4013 /* BirdyTileOverlay.swift */; };
		1579AEB6F971D503006064A7 /* TensorFlowLiteC.xcframework in Frameworks */ = {isa = PBXBuildFile; fileRef = 28E553E90FC33EDF65FE8A56 /* TensorFlowLiteC.xcframework */; };
		1A965F7A4B9E4AFD56B72DD4 /* images in Resources */ = {isa = PBXBuildFile; fileRef = 1A298D7F0570B43393C195F3 /* images */; };
		251345B772E1C9E0EFF36EA9 /* birdnet_lite_v2.tflite in Resources */ = {isa = PBXBuildFile; fileRef = C9AECCF91E67C7BA4F2E93C8 /* birdnet_lite_v2.tflite */; };
		4CAD0059F51D3370051EC6E4 /* CoreML.framework in Frameworks */ = {isa = PBXBuildFile; fileRef = 6EC654AA1BCA95AC1BF5F563 /* CoreML.framework */; settings = {ATTRIBUTES = (Weak, ); }; };
		55B4B7EF6712B0534FDE66C6 /* Caveat-Regular.ttf in Resources */ = {isa = PBXBuildFile; fileRef = 6D048DECBD1FA94A158B57AA /* Caveat-Regular.ttf */; };
		7088D6C396B6633A4CF29FF2 /* iOSApp.swift in Sources */ = {isa = PBXBuildFile; fileRef = B205F74830A0616574856E11 /* iOSApp.swift */; };
		807AD9946E76EEB536197BFE /* DMSerifDisplay-Italic.ttf in Resources */ = {isa = PBXBuildFile; fileRef = 11B382F89404A7BE0ED78F16 /* DMSerifDisplay-Italic.ttf */; };
		C328B9A9FECC4169BDE32370 /* InfoPlist.strings in Resources */ = {isa = PBXBuildFile; fileRef = 908A15A194F1A4EEA8E94206 /* InfoPlist.strings */; };
		FB40191ACF1A77CC7BA52AF4 /* TensorFlowLiteSelectTfOps.bundle in Resources */ = {isa = PBXBuildFile; fileRef = A615E53F06C32B1EEFC318B5 /* TensorFlowLiteSelectTfOps.bundle */; };
/* End PBXBuildFile section */

/* Begin PBXFileReference section */
		11B382F89404A7BE0ED78F16 /* DMSerifDisplay-Italic.ttf */ = {isa = PBXFileReference; lastKnownFileType = file; path = "DMSerifDisplay-Italic.ttf"; sourceTree = "<group>"; };
		1A298D7F0570B43393C195F3 /* images */ = {isa = PBXFileReference; lastKnownFileType = folder; name = images; path = ../shared/content/images; sourceTree = SOURCE_ROOT; };
		1C71D582857713FB046F4013 /* BirdyTileOverlay.swift */ = {isa = PBXFileReference; lastKnownFileType = sourcecode.swift; path = BirdyTileOverlay.swift; sourceTree = "<group>"; };
		28E553E90FC33EDF65FE8A56 /* TensorFlowLiteC.xcframework */ = {isa = PBXFileReference; lastKnownFileType = wrapper.xcframework; name = TensorFlowLiteC.xcframework; path = Frameworks/TensorFlowLiteC.xcframework; sourceTree = "<group>"; };
		4C4DD3508F5613FE9CAF78FB /* en */ = {isa = PBXFileReference; lastKnownFileType = text.plist.strings; name = en; path = en.lproj/InfoPlist.strings; sourceTree = "<group>"; };
		6D048DECBD1FA94A158B57AA /* Caveat-Regular.ttf */ = {isa = PBXFileReference; lastKnownFileType = file; path = "Caveat-Regular.ttf"; sourceTree = "<group>"; };
		6EC654AA1BCA95AC1BF5F563 /* CoreML.framework */ = {isa = PBXFileReference; lastKnownFileType = wrapper.framework; name = CoreML.framework; path = System/Library/Frameworks/CoreML.framework; sourceTree = SDKROOT; };
		7148A5C29BA84E88ED5AFE42 /* Info.plist */ = {isa = PBXFileReference; lastKnownFileType = text.plist; path = Info.plist; sourceTree = "<group>"; };
		A615E53F06C32B1EEFC318B5 /* TensorFlowLiteSelectTfOps.bundle */ = {isa = PBXFileReference; lastKnownFileType = folder; path = TensorFlowLiteSelectTfOps.bundle; sourceTree = SOURCE_ROOT; };
		B205F74830A0616574856E11 /* iOSApp.swift */ = {isa = PBXFileReference; lastKnownFileType = sourcecode.swift; path = iOSApp.swift; sourceTree = "<group>"; };
		B555F913A675A1B7A9676C11 /* Birdy.app */ = {isa = PBXFileReference; includeInIndex = 0; lastKnownFileType = wrapper.application; path = Birdy.app; sourceTree = BUILT_PRODUCTS_DIR; };
		C9AECCF91E67C7BA4F2E93C8 /* birdnet_lite_v2.tflite */ = {isa = PBXFileReference; path = birdnet_lite_v2.tflite; sourceTree = "<group>"; };
		D95B81602FF2A9E77826AA02 /* Local.xcconfig */ = {isa = PBXFileReference; lastKnownFileType = text.xcconfig; path = Local.xcconfig; sourceTree = "<group>"; };
		F593B6564CB83053E918A723 /* sv */ = {isa = PBXFileReference; lastKnownFileType = text.plist.strings; name = sv; path = sv.lproj/InfoPlist.strings; sourceTree = "<group>"; };
/* End PBXFileReference section */

/* Begin PBXFrameworksBuildPhase section */
		6BBB8D59C0026A19DCD407B4 /* Frameworks */ = {
			isa = PBXFrameworksBuildPhase;
			buildActionMask = 2147483647;
			files = (
				1579AEB6F971D503006064A7 /* TensorFlowLiteC.xcframework in Frameworks */,
				4CAD0059F51D3370051EC6E4 /* CoreML.framework in Frameworks */,
			);
			runOnlyForDeploymentPostprocessing = 0;
		};
/* End PBXFrameworksBuildPhase section */

/* Begin PBXGroup section */
		481AB67EC5EA12DF42D95E82 /* fonts */ = {
			isa = PBXGroup;
			children = (
				6D048DECBD1FA94A158B57AA /* Caveat-Regular.ttf */,
				11B382F89404A7BE0ED78F16 /* DMSerifDisplay-Italic.ttf */,
			);
			name = fonts;
			path = ../shared/pdf/src/androidMain/assets/fonts;
			sourceTree = "<group>";
		};
		7988FB2114D975F6E614B058 = {
			isa = PBXGroup;
			children = (
				1A298D7F0570B43393C195F3 /* images */,
				A615E53F06C32B1EEFC318B5 /* TensorFlowLiteSelectTfOps.bundle */,
				481AB67EC5EA12DF42D95E82 /* fonts */,
				B32279C318DE1D5E0385ADF3 /* iosApp */,
				90E118E69B9826BAD59572C1 /* iosApp */,
				A17B9C8B3D1441D43213014D /* models */,
				EDA6ABB32441F7888BFA6F28 /* Frameworks */,
				AAA9FFD4CE7F4319447B1D8A /* Products */,
			);
			sourceTree = "<group>";
		};
		90E118E69B9826BAD59572C1 /* iosApp */ = {
			isa = PBXGroup;
			children = (
				D95B81602FF2A9E77826AA02 /* Local.xcconfig */,
			);
			name = iosApp;
			path = .;
			sourceTree = "<group>";
		};
		A17B9C8B3D1441D43213014D /* models */ = {
			isa = PBXGroup;
			children = (
				C9AECCF91E67C7BA4F2E93C8 /* birdnet_lite_v2.tflite */,
			);
			name = models;
			path = ../composeApp/src/androidMain/assets/models;
			sourceTree = "<group>";
		};
		AAA9FFD4CE7F4319447B1D8A /* Products */ = {
			isa = PBXGroup;
			children = (
				B555F913A675A1B7A9676C11 /* Birdy.app */,
			);
			name = Products;
			sourceTree = "<group>";
		};
		B32279C318DE1D5E0385ADF3 /* iosApp */ = {
			isa = PBXGroup;
			children = (
				1C71D582857713FB046F4013 /* BirdyTileOverlay.swift */,
				7148A5C29BA84E88ED5AFE42 /* Info.plist */,
				B205F74830A0616574856E11 /* iOSApp.swift */,
				908A15A194F1A4EEA8E94206 /* InfoPlist.strings */,
			);
			path = iosApp;
			sourceTree = "<group>";
		};
		EDA6ABB32441F7888BFA6F28 /* Frameworks */ = {
			isa = PBXGroup;
			children = (
				6EC654AA1BCA95AC1BF5F563 /* CoreML.framework */,
				28E553E90FC33EDF65FE8A56 /* TensorFlowLiteC.xcframework */,
			);
			name = Frameworks;
			sourceTree = "<group>";
		};
/* End PBXGroup section */

/* Begin PBXNativeTarget section */
		883AA7B0797DD4AEF91208BA /* Birdy */ = {
			isa = PBXNativeTarget;
			buildConfigurationList = BE9B9FE3E8847472170DB2D2 /* Build configuration list for PBXNativeTarget "Birdy" */;
			buildPhases = (
				59B050468AA3EFC0E00BCE9A /* Fetch SelectTfOps */,
				66143ED3C56C8F94C2C99BCD /* Compile Kotlin Framework */,
				0D010304787CB54652C058BB /* Sources */,
				39E387E6BB9100DE3BA61C94 /* Resources */,
				6BBB8D59C0026A19DCD407B4 /* Frameworks */,
			);
			buildRules = (
			);
			dependencies = (
			);
			name = Birdy;
			packageProductDependencies = (
			);
			productName = Birdy;
			productReference = B555F913A675A1B7A9676C11 /* Birdy.app */;
			productType = "com.apple.product-type.application";
		};
/* End PBXNativeTarget section */

/* Begin PBXProject section */
		1B1DE75A8F5C2AC821AB7185 /* Project object */ = {
			isa = PBXProject;
			attributes = {
				BuildIndependentTargetsInParallel = YES;
				LastUpgradeCheck = 1430;
				TargetAttributes = {
					883AA7B0797DD4AEF91208BA = {
						ProvisioningStyle = Automatic;
					};
				};
			};
			buildConfigurationList = B7A75B2FB24DC0861E06C83E /* Build configuration list for PBXProject "Birdy" */;
			developmentRegion = en;
			hasScannedForEncodings = 0;
			knownRegions = (
				Base,
				en,
				sv,
			);
			mainGroup = 7988FB2114D975F6E614B058;
			minimizedProjectReferenceProxies = 1;
			preferredProjectObjectVersion = 77;
			productRefGroup = AAA9FFD4CE7F4319447B1D8A /* Products */;
			projectDirPath = "";
			projectRoot = "";
			targets = (
				883AA7B0797DD4AEF91208BA /* Birdy */,
			);
		};
/* End PBXProject section */

/* Begin PBXResourcesBuildPhase section */
		39E387E6BB9100DE3BA61C94 /* Resources */ = {
			isa = PBXResourcesBuildPhase;
			buildActionMask = 2147483647;
			files = (
				55B4B7EF6712B0534FDE66C6 /* Caveat-Regular.ttf in Resources */,
				807AD9946E76EEB536197BFE /* DMSerifDisplay-Italic.ttf in Resources */,
				C328B9A9FECC4169BDE32370 /* InfoPlist.strings in Resources */,
				FB40191ACF1A77CC7BA52AF4 /* TensorFlowLiteSelectTfOps.bundle in Resources */,
				251345B772E1C9E0EFF36EA9 /* birdnet_lite_v2.tflite in Resources */,
				1A965F7A4B9E4AFD56B72DD4 /* images in Resources */,
			);
			runOnlyForDeploymentPostprocessing = 0;
		};
/* End PBXResourcesBuildPhase section */

/* Begin PBXShellScriptBuildPhase section */
		59B050468AA3EFC0E00BCE9A /* Fetch SelectTfOps */ = {
			isa = PBXShellScriptBuildPhase;
			alwaysOutOfDate = 1;
			buildActionMask = 2147483647;
			files = (
			);
			inputFileListPaths = (
			);
			inputPaths = (
			);
			name = "Fetch SelectTfOps";
			outputFileListPaths = (
			);
			outputPaths = (
			);
			runOnlyForDeploymentPostprocessing = 0;
			shellPath = /bin/sh;
			shellScript = "\"$SRCROOT/../tools/fetch_ios_selectops.sh\"\n";
		};
		66143ED3C56C8F94C2C99BCD /* Compile Kotlin Framework */ = {
			isa = PBXShellScriptBuildPhase;
			alwaysOutOfDate = 1;
			buildActionMask = 2147483647;
			files = (
			);
			inputFileListPaths = (
			);
			inputPaths = (
			);
			name = "Compile Kotlin Framework";
			outputFileListPaths = (
			);
			outputPaths = (
			);
			runOnlyForDeploymentPostprocessing = 0;
			shellPath = /bin/sh;
			shellScript = "# Lokalt (Mac-miljön i CLAUDE.md) bor JDK 21 här; på CI sätter setup-java\n# JAVA_HOME i miljön som xcodebuild ärver — exportera bara om katalogen finns.\nif [ -d \"$HOME/.local/java21/Contents/Home\" ]; then\n  export JAVA_HOME=\"$HOME/.local/java21/Contents/Home\"\nfi\ncd \"$SRCROOT/..\"\n./gradlew :composeApp:embedAndSignAppleFrameworkForXcode\n";
		};
/* End PBXShellScriptBuildPhase section */

/* Begin PBXSourcesBuildPhase section */
		0D010304787CB54652C058BB /* Sources */ = {
			isa = PBXSourcesBuildPhase;
			buildActionMask = 2147483647;
			files = (
				0EFE207DCA8B045B717D8AEA /* BirdyTileOverlay.swift in Sources */,
				7088D6C396B6633A4CF29FF2 /* iOSApp.swift in Sources */,
			);
			runOnlyForDeploymentPostprocessing = 0;
		};
/* End PBXSourcesBuildPhase section */

/* Begin PBXVariantGroup section */
		908A15A194F1A4EEA8E94206 /* InfoPlist.strings */ = {
			isa = PBXVariantGroup;
			children = (
				4C4DD3508F5613FE9CAF78FB /* en */,
				F593B6564CB83053E918A723 /* sv */,
			);
			name = InfoPlist.strings;
			sourceTree = "<group>";
		};
/* End PBXVariantGroup section */

/* Begin XCBuildConfiguration section */
		4082103BA46A714C594B39E1 /* Debug */ = {
			isa = XCBuildConfiguration;
			baseConfigurationReference = D95B81602FF2A9E77826AA02 /* Local.xcconfig */;
			buildSettings = {
				ASSETCATALOG_COMPILER_APPICON_NAME = AppIcon;
				CODE_SIGN_IDENTITY = "iPhone Developer";
				CODE_SIGN_STYLE = Automatic;
				ENABLE_USER_SCRIPT_SANDBOXING = NO;
				FRAMEWORK_SEARCH_PATHS = (
					"$(inherited) $(SRCROOT)/../composeApp/build/xcode-frameworks/$(CONFIGURATION)/$(SDK_NAME)",
					"\"Frameworks\"",
				);
				INFOPLIST_FILE = iosApp/Info.plist;
				LD_RUNPATH_SEARCH_PATHS = (
					"$(inherited)",
					"@executable_path/Frameworks",
				);
				OTHER_LDFLAGS = "$(inherited) -framework ComposeApp -lsqlite3";
				"OTHER_LDFLAGS[sdk=iphoneos*]" = "$(inherited) -framework ComposeApp -lsqlite3 -force_load $(SRCROOT)/Frameworks/TensorFlowLiteSelectTfOps.xcframework/ios-arm64/TensorFlowLiteSelectTfOps.framework/TensorFlowLiteSelectTfOps -lc++";
				PRODUCT_BUNDLE_IDENTIFIER = se.birdy.ios;
				SDKROOT = iphoneos;
				TARGETED_DEVICE_FAMILY = "1,2";
			};
			name = Debug;
		};
		4A34C0D2A04345FDE5230FAC /* Debug */ = {
			isa = XCBuildConfiguration;
			buildSettings = {
				ALWAYS_SEARCH_USER_PATHS = NO;
				CLANG_ANALYZER_NONNULL = YES;
				CLANG_ANALYZER_NUMBER_OBJECT_CONVERSION = YES_AGGRESSIVE;
				CLANG_CXX_LANGUAGE_STANDARD = "gnu++14";
				CLANG_CXX_LIBRARY = "libc++";
				CLANG_ENABLE_MODULES = YES;
				CLANG_ENABLE_OBJC_ARC = YES;
				CLANG_ENABLE_OBJC_WEAK = YES;
				CLANG_WARN_BLOCK_CAPTURE_AUTORELEASING = YES;
				CLANG_WARN_BOOL_CONVERSION = YES;
				CLANG_WARN_COMMA = YES;
				CLANG_WARN_CONSTANT_CONVERSION = YES;
				CLANG_WARN_DEPRECATED_OBJC_IMPLEMENTATIONS = YES;
				CLANG_WARN_DIRECT_OBJC_ISA_USAGE = YES_ERROR;
				CLANG_WARN_DOCUMENTATION_COMMENTS = YES;
				CLANG_WARN_EMPTY_BODY = YES;
				CLANG_WARN_ENUM_CONVERSION = YES;
				CLANG_WARN_INFINITE_RECURSION = YES;
				CLANG_WARN_INT_CONVERSION = YES;
				CLANG_WARN_NON_LITERAL_NULL_CONVERSION = YES;
				CLANG_WARN_OBJC_IMPLICIT_RETAIN_SELF = YES;
				CLANG_WARN_OBJC_LITERAL_CONVERSION = YES;
				CLANG_WARN_OBJC_ROOT_CLASS = YES_ERROR;
				CLANG_WARN_QUOTED_INCLUDE_IN_FRAMEWORK_HEADER = YES;
				CLANG_WARN_RANGE_LOOP_ANALYSIS = YES;
				CLANG_WARN_STRICT_PROTOTYPES = YES;
				CLANG_WARN_SUSPICIOUS_MOVE = YES;
				CLANG_WARN_UNGUARDED_AVAILABILITY = YES_AGGRESSIVE;
				CLANG_WARN_UNREACHABLE_CODE = YES;
				CLANG_WARN__DUPLICATE_METHOD_MATCH = YES;
				COPY_PHASE_STRIP = NO;
				DEBUG_INFORMATION_FORMAT = dwarf;
				ENABLE_STRICT_OBJC_MSGSEND = YES;
				ENABLE_TESTABILITY = YES;
				GCC_C_LANGUAGE_STANDARD = gnu11;
				GCC_DYNAMIC_NO_PIC = NO;
				GCC_NO_COMMON_BLOCKS = YES;
				GCC_OPTIMIZATION_LEVEL = 0;
				GCC_PREPROCESSOR_DEFINITIONS = (
					"$(inherited)",
					"DEBUG=1",
				);
				GCC_WARN_64_TO_32_BIT_CONVERSION = YES;
				GCC_WARN_ABOUT_RETURN_TYPE = YES_ERROR;
				GCC_WARN_UNDECLARED_SELECTOR = YES;
				GCC_WARN_UNINITIALIZED_AUTOS = YES_AGGRESSIVE;
				GCC_WARN_UNUSED_FUNCTION = YES;
				GCC_WARN_UNUSED_VARIABLE = YES;
				IPHONEOS_DEPLOYMENT_TARGET = 16.0;
				MTL_ENABLE_DEBUG_INFO = INCLUDE_SOURCE;
				MTL_FAST_MATH = YES;
				ONLY_ACTIVE_ARCH = YES;
				PRODUCT_NAME = "$(TARGET_NAME)";
				SDKROOT = iphoneos;
				SWIFT_ACTIVE_COMPILATION_CONDITIONS = DEBUG;
				SWIFT_OPTIMIZATION_LEVEL = "-Onone";
				SWIFT_VERSION = 5.0;
			};
			name = Debug;
		};
		967C80CD5AA6FB7EFCC38CD0 /* Release */ = {
			isa = XCBuildConfiguration;
			buildSettings = {
				ALWAYS_SEARCH_USER_PATHS = NO;
				CLANG_ANALYZER_NONNULL = YES;
				CLANG_ANALYZER_NUMBER_OBJECT_CONVERSION = YES_AGGRESSIVE;
				CLANG_CXX_LANGUAGE_STANDARD = "gnu++14";
				CLANG_CXX_LIBRARY = "libc++";
				CLANG_ENABLE_MODULES = YES;
				CLANG_ENABLE_OBJC_ARC = YES;
				CLANG_ENABLE_OBJC_WEAK = YES;
				CLANG_WARN_BLOCK_CAPTURE_AUTORELEASING = YES;
				CLANG_WARN_BOOL_CONVERSION = YES;
				CLANG_WARN_COMMA = YES;
				CLANG_WARN_CONSTANT_CONVERSION = YES;
				CLANG_WARN_DEPRECATED_OBJC_IMPLEMENTATIONS = YES;
				CLANG_WARN_DIRECT_OBJC_ISA_USAGE = YES_ERROR;
				CLANG_WARN_DOCUMENTATION_COMMENTS = YES;
				CLANG_WARN_EMPTY_BODY = YES;
				CLANG_WARN_ENUM_CONVERSION = YES;
				CLANG_WARN_INFINITE_RECURSION = YES;
				CLANG_WARN_INT_CONVERSION = YES;
				CLANG_WARN_NON_LITERAL_NULL_CONVERSION = YES;
				CLANG_WARN_OBJC_IMPLICIT_RETAIN_SELF = YES;
				CLANG_WARN_OBJC_LITERAL_CONVERSION = YES;
				CLANG_WARN_OBJC_ROOT_CLASS = YES_ERROR;
				CLANG_WARN_QUOTED_INCLUDE_IN_FRAMEWORK_HEADER = YES;
				CLANG_WARN_RANGE_LOOP_ANALYSIS = YES;
				CLANG_WARN_STRICT_PROTOTYPES = YES;
				CLANG_WARN_SUSPICIOUS_MOVE = YES;
				CLANG_WARN_UNGUARDED_AVAILABILITY = YES_AGGRESSIVE;
				CLANG_WARN_UNREACHABLE_CODE = YES;
				CLANG_WARN__DUPLICATE_METHOD_MATCH = YES;
				COPY_PHASE_STRIP = NO;
				DEBUG_INFORMATION_FORMAT = "dwarf-with-dsym";
				ENABLE_NS_ASSERTIONS = NO;
				ENABLE_STRICT_OBJC_MSGSEND = YES;
				GCC_C_LANGUAGE_STANDARD = gnu11;
				GCC_NO_COMMON_BLOCKS = YES;
				GCC_WARN_64_TO_32_BIT_CONVERSION = YES;
				GCC_WARN_ABOUT_RETURN_TYPE = YES_ERROR;
				GCC_WARN_UNDECLARED_SELECTOR = YES;
				GCC_WARN_UNINITIALIZED_AUTOS = YES_AGGRESSIVE;
				GCC_WARN_UNUSED_FUNCTION = YES;
				GCC_WARN_UNUSED_VARIABLE = YES;
				IPHONEOS_DEPLOYMENT_TARGET = 16.0;
				MTL_ENABLE_DEBUG_INFO = NO;
				MTL_FAST_MATH = YES;
				PRODUCT_NAME = "$(TARGET_NAME)";
				SDKROOT = iphoneos;
				SWIFT_COMPILATION_MODE = wholemodule;
				SWIFT_OPTIMIZATION_LEVEL = "-O";
				SWIFT_VERSION = 5.0;
			};
			name = Release;
		};
		CCEC480A48C25F864020C380 /* Release */ = {
			isa = XCBuildConfiguration;
			baseConfigurationReference = D95B81602FF2A9E77826AA02 /* Local.xcconfig */;
			buildSettings = {
				ASSETCATALOG_COMPILER_APPICON_NAME = AppIcon;
				CODE_SIGN_IDENTITY = "iPhone Developer";
				CODE_SIGN_STYLE = Automatic;
				ENABLE_USER_SCRIPT_SANDBOXING = NO;
				FRAMEWORK_SEARCH_PATHS = (
					"$(inherited) $(SRCROOT)/../composeApp/build/xcode-frameworks/$(CONFIGURATION)/$(SDK_NAME)",
					"\"Frameworks\"",
				);
				INFOPLIST_FILE = iosApp/Info.plist;
				LD_RUNPATH_SEARCH_PATHS = (
					"$(inherited)",
					"@executable_path/Frameworks",
				);
				OTHER_LDFLAGS = "$(inherited) -framework ComposeApp -lsqlite3";
				"OTHER_LDFLAGS[sdk=iphoneos*]" = "$(inherited) -framework ComposeApp -lsqlite3 -force_load $(SRCROOT)/Frameworks/TensorFlowLiteSelectTfOps.xcframework/ios-arm64/TensorFlowLiteSelectTfOps.framework/TensorFlowLiteSelectTfOps -lc++";
				PRODUCT_BUNDLE_IDENTIFIER = se.birdy.ios;
				SDKROOT = iphoneos;
				TARGETED_DEVICE_FAMILY = "1,2";
			};
			name = Release;
		};
/* End XCBuildConfiguration section */

/* Begin XCConfigurationList section */
		B7A75B2FB24DC0861E06C83E /* Build configuration list for PBXProject "Birdy" */ = {
			isa = XCConfigurationList;
			buildConfigurations = (
				4A34C0D2A04345FDE5230FAC /* Debug */,
				967C80CD5AA6FB7EFCC38CD0 /* Release */,
			);
			defaultConfigurationIsVisible = 0;
			defaultConfigurationName = Debug;
		};
		BE9B9FE3E8847472170DB2D2 /* Build configuration list for PBXNativeTarget "Birdy" */ = {
			isa = XCConfigurationList;
			buildConfigurations = (
				4082103BA46A714C594B39E1 /* Debug */,
				CCEC480A48C25F864020C380 /* Release */,
			);
			defaultConfigurationIsVisible = 0;
			defaultConfigurationName = Debug;
		};
/* End XCConfigurationList section */
	};
	rootObject = 1B1DE75A8F5C2AC821AB7185 /* Project object */;
}
